{
  "name": "dsh-minimal-web",
  "version": "0.1.0",
  "lockfileVersion": 3,
  "requires": true,
  "packages": {
    "": {
      "name": "dsh-minimal-web",
      "version": "0.1.0",
      "license": "MIT",
      "dependencies": {
        "dsh-preset-kit": "^0.1.0"
      }
    },
    "node_modules/dsh-preset-kit": {
      "version": "0.1.0",
      "resolved": "https://registry.npmjs.org/dsh-preset-kit/-/dsh-preset-kit-0.1.0.tgz",
      "integrity": "sha512-BZtAv+cocvBzTPefRRtBYvOIPZvRR7V/66/FC2Yxndcjk9RqUR7DuVKYozRPlvSxRJjVcXkDzH3qyXwj/WBDww==",
      "license": "MIT"
    }
  }
}
