{
  "name": "dsh-minimal-web",
  "version": "0.1.1",
  "lockfileVersion": 3,
  "requires": true,
  "packages": {
    "": {
      "name": "dsh-minimal-web",
      "version": "0.1.1",
      "license": "MIT",
      "dependencies": {
        "dsh-preset-kit": "^0.1.1"
      }
    },
    "node_modules/dsh-preset-kit": {
      "version": "0.1.1",
      "resolved": "https://registry.npmjs.org/dsh-preset-kit/-/dsh-preset-kit-0.1.1.tgz",
      "integrity": "sha512-TII6HsaYbEm7N/ASfnHuo7r4q5aftwCW2JPfow+BZBRi8z17j+4A9jse7B42BYpcIVA2MMpsnKA2cUb7mQtRNw==",
      "license": "MIT"
    }
  }
}
